
Microsoft Visual Studio Solution File, Format Version 12.00
# Visual Studio Version 16
VisualStudioVersion = 16.0.29306.81
MinimumVisualStudioVersion = 10.0.40219.1
Project("{FAE04EC0-301F-11D3-BF4B-00C04F79EFBC}") = "ShoppingList", "ShoppingList\ShoppingList.csproj", "{9424C4B9-EB41-4BC5-84C6-1179C8CA89B2}"
EndProject
Global
	GlobalSection(SolutionConfigurationPlatforms) = preSolution
		Debug|Any CPU = Debug|Any CPU
		Release|Any CPU = Release|Any CPU
	EndGlobalSection
	GlobalSection(ProjectConfigurationPlatforms) = postSolution
		{9424C4B9-EB41-4BC5-84C6-1179C8CA89B2}.Debug|Any CPU.ActiveCfg = Debug|Any CPU
		{9424C4B9-EB41-4BC5-84C6-1179C8CA89B2}.Debug|Any CPU.Build.0 = Debug|Any CPU
		{9424C4B9-EB41-4BC5-84C6-1179C8CA89B2}.Release|Any CPU.ActiveCfg = Release|Any CPU
		{9424C4B9-EB41-4BC5-84C6-1179C8CA89B2}.Release|Any CPU.Build.0 = Release|Any CPU
	EndGlobalSection
	GlobalSection(SolutionProperties) = preSolution
		HideSolutionNode = FALSE
	EndGlobalSection
	GlobalSection(ExtensibilityGlobals) = postSolution
		SolutionGuid = {19D100CD-333A-4355-8D81-254C4B9417EA}
	EndGlobalSection
EndGlobal
